
Microsoft Visual Studio Solution File, Format Version 11.00
# Visual Studio 2010
# SharpDevelop 5.1
Project("{FAE04EC0-301F-11D3-BF4B-00C04F79EFBC}") = "srcdsStarter", "srcdsStarter.csproj", "{78FED4CD-0B1E-4324-B7D7-0CBB265A10A7}"
EndProject
Project("{2150E333-8FDC-42A3-9474-1A3956D46DE8}") = "Solution Items", "Solution Items", "{E279FF43-E9C8-4FE8-9C76-36BBADD228D5}"
EndProject
Global
	GlobalSection(SolutionConfigurationPlatforms) = preSolution
		Debug|Any CPU = Debug|Any CPU
		Release|Any CPU = Release|Any CPU
	EndGlobalSection
	GlobalSection(ProjectConfigurationPlatforms) = postSolution
		{78FED4CD-0B1E-4324-B7D7-0CBB265A10A7}.Debug|Any CPU.ActiveCfg = Debug|Any CPU
		{78FED4CD-0B1E-4324-B7D7-0CBB265A10A7}.Debug|Any CPU.Build.0 = Debug|Any CPU
		{78FED4CD-0B1E-4324-B7D7-0CBB265A10A7}.Release|Any CPU.ActiveCfg = Release|Any CPU
		{78FED4CD-0B1E-4324-B7D7-0CBB265A10A7}.Release|Any CPU.Build.0 = Release|Any CPU
	EndGlobalSection
EndGlobal
